// !$*UTF8*$!
{
	archiveVersion = 1;
	classes = {
	};
	objectVersion = 56;
	objects = {

/* Begin PBXBuildFile section */
		1631979B2C081DBB004C5FA0 /* SwitchCameraButton.swift in Sources */ = {isa = PBXBuildFile; fileRef = 1631979A2C081DBB004C5FA0 /* SwitchCameraButton.swift */; };
		1631979E2C0836BA004C5FA0 /* Alamofire in Frameworks */ = {isa = PBXBuildFile; productRef = 1631979D2C0836BA004C5FA0 /* Alamofire */; };
		16853ACC2C0188C300A3DD77 /* VideoDelegate.swift in Sources */ = {isa = PBXBuildFile; fileRef = 16853ACB2C0188C300A3DD77 /* VideoDelegate.swift */; };
		16A2B0802BE9E077007ED34E /* memu_appApp.swift in Sources */ = {isa = PBXBuildFile; fileRef = 16A2B07F2BE9E077007ED34E /* memu_appApp.swift */; };
		16A2B0822BE9E077007ED34E /* ContentView.swift in Sources */ = {isa = PBXBuildFile; fileRef = 16A2B0812BE9E077007ED34E /* ContentView.swift */; };
		16A2B0842BE9E079007ED34E /* Assets.xcassets in Resources */ = {isa = PBXBuildFile; fileRef = 16A2B0832BE9E079007ED34E /* Assets.xcassets */; };
		16A2B0882BE9E079007ED34E /* Preview Assets.xcassets in Resources */ = {isa = PBXBuildFile; fileRef = 16A2B0872BE9E079007ED34E /* Preview Assets.xcassets */; };
		16A2B0922BE9E079007ED34E /* memu_appTests.swift in Sources */ = {isa = PBXBuildFile; fileRef = 16A2B0912BE9E079007ED34E /* memu_appTests.swift */; };
		16A2B09C2BE9E079007ED34E /* memu_appUITests.swift in Sources */ = {isa = PBXBuildFile; fileRef = 16A2B09B2BE9E079007ED34E /* memu_appUITests.swift */; };
		16A2B09E2BE9E079007ED34E /* memu_appUITestsLaunchTests.swift in Sources */ = {isa = PBXBuildFile; fileRef = 16A2B09D2BE9E079007ED34E /* memu_appUITestsLaunchTests.swift */; };
		16D7B3302BF1E998006B72D8 /* CameraPreviewController.swift in Sources */ = {isa = PBXBuildFile; fileRef = 16D7B32F2BF1E998006B72D8 /* CameraPreviewController.swift */; };
		16D7B3332BF1E9EE006B72D8 /* CameraViewModel.swift in Sources */ = {isa = PBXBuildFile; fileRef = 16D7B3322BF1E9EE006B72D8 /* CameraViewModel.swift */; };
		16D7B3372BF1EA30006B72D8 /* CameraService.swift in Sources */ = {isa = PBXBuildFile; fileRef = 16D7B3362BF1EA30006B72D8 /* CameraService.swift */; };
		16D7B3392BF1EA62006B72D8 /* PhotoDelegate.swift in Sources */ = {isa = PBXBuildFile; fileRef = 16D7B3382BF1EA62006B72D8 /* PhotoDelegate.swift */; };
		16D7B33B2BF1EAB3006B72D8 /* Types.swift in Sources */ = {isa = PBXBuildFile; fileRef = 16D7B33A2BF1EAB3006B72D8 /* Types.swift */; };
		949DA73E2BEF4E1F008F12B5 /* TranslatorView.swift in Sources */ = {isa = PBXBuildFile; fileRef = 949DA73D2BEF4E1F008F12B5 /* TranslatorView.swift */; };
		94E9626D2BF1B96700CD7DDA /* AboutView.swift in Sources */ = {isa = PBXBuildFile; fileRef = 94E9626C2BF1B96700CD7DDA /* AboutView.swift */; };
		A32350242BEBAF9C00402FB8 /* HistoryList.swift in Sources */ = {isa = PBXBuildFile; fileRef = A32350232BEBAF9C00402FB8 /* HistoryList.swift */; };
		A32350262BEBAFD400402FB8 /* HistoryListItem.swift in Sources */ = {isa = PBXBuildFile; fileRef = A32350252BEBAFD400402FB8 /* HistoryListItem.swift */; };
		A32350282BEBB01100402FB8 /* VideoButton.swift in Sources */ = {isa = PBXBuildFile; fileRef = A32350272BEBB01100402FB8 /* VideoButton.swift */; };
		A323503F2BEC79E900402FB8 /* HistoryView.swift in Sources */ = {isa = PBXBuildFile; fileRef = A323503A2BEC79E900402FB8 /* HistoryView.swift */; };
		A32350402BEC79E900402FB8 /* SettingsView.swift in Sources */ = {isa = PBXBuildFile; fileRef = A323503C2BEC79E900402FB8 /* SettingsView.swift */; };
		A32350442BEC7B1300402FB8 /* ListSettingItem.swift in Sources */ = {isa = PBXBuildFile; fileRef = A32350432BEC7B1300402FB8 /* ListSettingItem.swift */; };
		A32350462BEC7B4E00402FB8 /* ListSettings.swift in Sources */ = {isa = PBXBuildFile; fileRef = A32350452BEC7B4E00402FB8 /* ListSettings.swift */; };
		A32350492BEC7DA000402FB8 /* HistorySession.swift in Sources */ = {isa = PBXBuildFile; fileRef = A32350482BEC7DA000402FB8 /* HistorySession.swift */; };
		A323504B2BEC7E4D00402FB8 /* ListSettingSession.swift in Sources */ = {isa = PBXBuildFile; fileRef = A323504A2BEC7E4D00402FB8 /* ListSettingSession.swift */; };
		A323504E2BF0A50500402FB8 /* GlowButton.swift in Sources */ = {isa = PBXBuildFile; fileRef = A323504D2BF0A50500402FB8 /* GlowButton.swift */; };
		A32350592BF1C4AE00402FB8 /* HistorySessionView.swift in Sources */ = {isa = PBXBuildFile; fileRef = A32350582BF1C4AE00402FB8 /* HistorySessionView.swift */; };
		A32350622BF1D64E00402FB8 /* grocerySentences.swift in Sources */ = {isa = PBXBuildFile; fileRef = A32350612BF1D64E00402FB8 /* grocerySentences.swift */; };
		A32350642BF1D69E00402FB8 /* SentenceItem.swift in Sources */ = {isa = PBXBuildFile; fileRef = A32350632BF1D69E00402FB8 /* SentenceItem.swift */; };
		A32350662BF1E4B300402FB8 /* selectRandomItems.swift in Sources */ = {isa = PBXBuildFile; fileRef = A32350652BF1E4B300402FB8 /* selectRandomItems.swift */; };
		A32350682BF1F2A500402FB8 /* SentenceList.swift in Sources */ = {isa = PBXBuildFile; fileRef = A32350672BF1F2A500402FB8 /* SentenceList.swift */; };
		A34A7CB32BE9E384005AE095 /* UserProfile.swift in Sources */ = {isa = PBXBuildFile; fileRef = A34A7CB22BE9E384005AE095 /* UserProfile.swift */; };
		CE2BB0E12C11840C00CC72E8 /* SwiftTTSCombine in Frameworks */ = {isa = PBXBuildFile; productRef = CE2BB0E02C11840C00CC72E8 /* SwiftTTSCombine */; };
		CE3167622BEB428F00FF6905 /* Title.swift in Sources */ = {isa = PBXBuildFile; fileRef = CE3167612BEB428F00FF6905 /* Title.swift */; };
		CE40DD2E2BF1A54700F98289 /* CustomNavLink.swift in Sources */ = {isa = PBXBuildFile; fileRef = CE40DD2B2BF1A54700F98289 /* CustomNavLink.swift */; };
		CE40DD2F2BF1A54700F98289 /* CustomNavBarContainerView.swift in Sources */ = {isa = PBXBuildFile; fileRef = CE40DD2C2BF1A54700F98289 /* CustomNavBarContainerView.swift */; };
		CE40DD302BF1A54700F98289 /* CustomNavBarView.swift in Sources */ = {isa = PBXBuildFile; fileRef = CE40DD2D2BF1A54700F98289 /* CustomNavBarView.swift */; };
		CE40DD332BF1A62700F98289 /* AppTextField.swift in Sources */ = {isa = PBXBuildFile; fileRef = CE40DD322BF1A62700F98289 /* AppTextField.swift */; };
		CE40DD362BF1A69200F98289 /* SimpleButton.swift in Sources */ = {isa = PBXBuildFile; fileRef = CE40DD352BF1A69200F98289 /* SimpleButton.swift */; };
		CE40DD3A2BF1A74600F98289 /* EditAccountView.swift in Sources */ = {isa = PBXBuildFile; fileRef = CE40DD392BF1A74600F98289 /* EditAccountView.swift */; };
		CE40DD3C2BF1A75100F98289 /* SubscriptionView.swift in Sources */ = {isa = PBXBuildFile; fileRef = CE40DD3B2BF1A75100F98289 /* SubscriptionView.swift */; };
		CE88BFCD2C16B545000AFE37 /* SupabaseService.swift in Sources */ = {isa = PBXBuildFile; fileRef = CE88BFCC2C16B545000AFE37 /* SupabaseService.swift */; };
		CE88BFCF2C16B622000AFE37 /* Auth in Frameworks */ = {isa = PBXBuildFile; productRef = CE88BFCE2C16B622000AFE37 /* Auth */; };
		CE88BFD32C16B622000AFE37 /* PostgREST in Frameworks */ = {isa = PBXBuildFile; productRef = CE88BFD22C16B622000AFE37 /* PostgREST */; };
		CE88BFD72C16B622000AFE37 /* Storage in Frameworks */ = {isa = PBXBuildFile; productRef = CE88BFD62C16B622000AFE37 /* Storage */; };
		CE88BFD92C16B622000AFE37 /* Supabase in Frameworks */ = {isa = PBXBuildFile; productRef = CE88BFD82C16B622000AFE37 /* Supabase */; };
		CE88BFDB2C16B85F000AFE37 /* HistoryManager.swift in Sources */ = {isa = PBXBuildFile; fileRef = CE88BFDA2C16B85F000AFE37 /* HistoryManager.swift */; };
/* End PBXBuildFile section */

/* Begin PBXContainerItemProxy section */
		16A2B08E2BE9E079007ED34E /* PBXContainerItemProxy */ = {
			isa = PBXContainerItemProxy;
			containerPortal = 16A2B0742BE9E077007ED34E /* Project object */;
			proxyType = 1;
			remoteGlobalIDString = 16A2B07B2BE9E077007ED34E;
			remoteInfo = "memu-app";
		};
		16A2B0982BE9E079007ED34E /* PBXContainerItemProxy */ = {
			isa = PBXContainerItemProxy;
			containerPortal = 16A2B0742BE9E077007ED34E /* Project object */;
			proxyType = 1;
			remoteGlobalIDString = 16A2B07B2BE9E077007ED34E;
			remoteInfo = "memu-app";
		};
/* End PBXContainerItemProxy section */

/* Begin PBXFileReference section */
		1631979A2C081DBB004C5FA0 /* SwitchCameraButton.swift */ = {isa = PBXFileReference; lastKnownFileType = sourcecode.swift; path = SwitchCameraButton.swift; sourceTree = "<group>"; };
		16853ACB2C0188C300A3DD77 /* VideoDelegate.swift */ = {isa = PBXFileReference; lastKnownFileType = sourcecode.swift; path = VideoDelegate.swift; sourceTree = "<group>"; };
		16A2B07C2BE9E077007ED34E /* memu-app.app */ = {isa = PBXFileReference; explicitFileType = wrapper.application; includeInIndex = 0; path = "memu-app.app"; sourceTree = BUILT_PRODUCTS_DIR; };
		16A2B07F2BE9E077007ED34E /* memu_appApp.swift */ = {isa = PBXFileReference; lastKnownFileType = sourcecode.swift; path = memu_appApp.swift; sourceTree = "<group>"; };
		16A2B0812BE9E077007ED34E /* ContentView.swift */ = {isa = PBXFileReference; lastKnownFileType = sourcecode.swift; path = ContentView.swift; sourceTree = "<group>"; };
		16A2B0832BE9E079007ED34E /* Assets.xcassets */ = {isa = PBXFileReference; lastKnownFileType = folder.assetcatalog; path = Assets.xcassets; sourceTree = "<group>"; };
		16A2B0852BE9E079007ED34E /* memu_app.entitlements */ = {isa = PBXFileReference; lastKnownFileType = text.plist.entitlements; path = memu_app.entitlements; sourceTree = "<group>"; };
		16A2B0872BE9E079007ED34E /* Preview Assets.xcassets */ = {isa = PBXFileReference; lastKnownFileType = folder.assetcatalog; path = "Preview Assets.xcassets"; sourceTree = "<group>"; };
		16A2B08D2BE9E079007ED34E /* memu-appTests.xctest */ = {isa = PBXFileReference; explicitFileType = wrapper.cfbundle; includeInIndex = 0; path = "memu-appTests.xctest"; sourceTree = BUILT_PRODUCTS_DIR; };
		16A2B0912BE9E079007ED34E /* memu_appTests.swift */ = {isa = PBXFileReference; lastKnownFileType = sourcecode.swift; path = memu_appTests.swift; sourceTree = "<group>"; };
		16A2B0972BE9E079007ED34E /* memu-appUITests.xctest */ = {isa = PBXFileReference; explicitFileType = wrapper.cfbundle; includeInIndex = 0; path = "memu-appUITests.xctest"; sourceTree = BUILT_PRODUCTS_DIR; };
		16A2B09B2BE9E079007ED34E /* memu_appUITests.swift */ = {isa = PBXFileReference; lastKnownFileType = sourcecode.swift; path = memu_appUITests.swift; sourceTree = "<group>"; };
		16A2B09D2BE9E079007ED34E /* memu_appUITestsLaunchTests.swift */ = {isa = PBXFileReference; lastKnownFileType = sourcecode.swift; path = memu_appUITestsLaunchTests.swift; sourceTree = "<group>"; };
		16D7B32F2BF1E998006B72D8 /* CameraPreviewController.swift */ = {isa = PBXFileReference; lastKnownFileType = sourcecode.swift; path = CameraPreviewController.swift; sourceTree = "<group>"; };
		16D7B3322BF1E9EE006B72D8 /* CameraViewModel.swift */ = {isa = PBXFileReference; lastKnownFileType = sourcecode.swift; path = CameraViewModel.swift; sourceTree = "<group>"; };
		16D7B3362BF1EA30006B72D8 /* CameraService.swift */ = {isa = PBXFileReference; lastKnownFileType = sourcecode.swift; path = CameraService.swift; sourceTree = "<group>"; };
		16D7B3382BF1EA62006B72D8 /* PhotoDelegate.swift */ = {isa = PBXFileReference; lastKnownFileType = sourcecode.swift; path = PhotoDelegate.swift; sourceTree = "<group>"; };
		16D7B33A2BF1EAB3006B72D8 /* Types.swift */ = {isa = PBXFileReference; lastKnownFileType = sourcecode.swift; path = Types.swift; sourceTree = "<group>"; };
		949DA73D2BEF4E1F008F12B5 /* TranslatorView.swift */ = {isa = PBXFileReference; lastKnownFileType = sourcecode.swift; path = TranslatorView.swift; sourceTree = "<group>"; };
		94E9626C2BF1B96700CD7DDA /* AboutView.swift */ = {isa = PBXFileReference; lastKnownFileType = sourcecode.swift; path = AboutView.swift; sourceTree = "<group>"; };
		A32350232BEBAF9C00402FB8 /* HistoryList.swift */ = {isa = PBXFileReference; lastKnownFileType = sourcecode.swift; path = HistoryList.swift; sourceTree = "<group>"; };
		A32350252BEBAFD400402FB8 /* HistoryListItem.swift */ = {isa = PBXFileReference; lastKnownFileType = sourcecode.swift; path = HistoryListItem.swift; sourceTree = "<group>"; };
		A32350272BEBB01100402FB8 /* VideoButton.swift */ = {isa = PBXFileReference; lastKnownFileType = sourcecode.swift; path = VideoButton.swift; sourceTree = "<group>"; };
		A323503A2BEC79E900402FB8 /* HistoryView.swift */ = {isa = PBXFileReference; fileEncoding = 4; lastKnownFileType = sourcecode.swift; path = HistoryView.swift; sourceTree = "<group>"; };
		A323503C2BEC79E900402FB8 /* SettingsView.swift */ = {isa = PBXFileReference; fileEncoding = 4; lastKnownFileType = sourcecode.swift; path = SettingsView.swift; sourceTree = "<group>"; };
		A32350432BEC7B1300402FB8 /* ListSettingItem.swift */ = {isa = PBXFileReference; lastKnownFileType = sourcecode.swift; path = ListSettingItem.swift; sourceTree = "<group>"; };
		A32350452BEC7B4E00402FB8 /* ListSettings.swift */ = {isa = PBXFileReference; lastKnownFileType = sourcecode.swift; path = ListSettings.swift; sourceTree = "<group>"; };
		A32350482BEC7DA000402FB8 /* HistorySession.swift */ = {isa = PBXFileReference; lastKnownFileType = sourcecode.swift; path = HistorySession.swift; sourceTree = "<group>"; };
		A323504A2BEC7E4D00402FB8 /* ListSettingSession.swift */ = {isa = PBXFileReference; lastKnownFileType = sourcecode.swift; path = ListSettingSession.swift; sourceTree = "<group>"; };
		A323504D2BF0A50500402FB8 /* GlowButton.swift */ = {isa = PBXFileReference; lastKnownFileType = sourcecode.swift; path = GlowButton.swift; sourceTree = "<group>"; };
		A32350582BF1C4AE00402FB8 /* HistorySessionView.swift */ = {isa = PBXFileReference; lastKnownFileType = sourcecode.swift; path = HistorySessionView.swift; sourceTree = "<group>"; };
		A32350612BF1D64E00402FB8 /* grocerySentences.swift */ = {isa = PBXFileReference; lastKnownFileType = sourcecode.swift; path = grocerySentences.swift; sourceTree = "<group>"; };
		A32350632BF1D69E00402FB8 /* SentenceItem.swift */ = {isa = PBXFileReference; lastKnownFileType = sourcecode.swift; path = SentenceItem.swift; sourceTree = "<group>"; };
		A32350652BF1E4B300402FB8 /* selectRandomItems.swift */ = {isa = PBXFileReference; lastKnownFileType = sourcecode.swift; path = selectRandomItems.swift; sourceTree = "<group>"; };
		A32350672BF1F2A500402FB8 /* SentenceList.swift */ = {isa = PBXFileReference; lastKnownFileType = sourcecode.swift; path = SentenceList.swift; sourceTree = "<group>"; };
		A34A7CB22BE9E384005AE095 /* UserProfile.swift */ = {isa = PBXFileReference; lastKnownFileType = sourcecode.swift; path = UserProfile.swift; sourceTree = "<group>"; };
		CE3167612BEB428F00FF6905 /* Title.swift */ = {isa = PBXFileReference; lastKnownFileType = sourcecode.swift; path = Title.swift; sourceTree = "<group>"; };
		CE40DD2B2BF1A54700F98289 /* CustomNavLink.swift */ = {isa = PBXFileReference; fileEncoding = 4; lastKnownFileType = sourcecode.swift; path = CustomNavLink.swift; sourceTree = "<group>"; };
		CE40DD2C2BF1A54700F98289 /* CustomNavBarContainerView.swift */ = {isa = PBXFileReference; fileEncoding = 4; lastKnownFileType = sourcecode.swift; path = CustomNavBarContainerView.swift; sourceTree = "<group>"; };
		CE40DD2D2BF1A54700F98289 /* CustomNavBarView.swift */ = {isa = PBXFileReference; fileEncoding = 4; lastKnownFileType = sourcecode.swift; path = CustomNavBarView.swift; sourceTree = "<group>"; };
		CE40DD322BF1A62700F98289 /* AppTextField.swift */ = {isa = PBXFileReference; fileEncoding = 4; lastKnownFileType = sourcecode.swift; path = AppTextField.swift; sourceTree = "<group>"; };
		CE40DD352BF1A69200F98289 /* SimpleButton.swift */ = {isa = PBXFileReference; fileEncoding = 4; lastKnownFileType = sourcecode.swift; path = SimpleButton.swift; sourceTree = "<group>"; };
		CE40DD392BF1A74600F98289 /* EditAccountView.swift */ = {isa = PBXFileReference; fileEncoding = 4; lastKnownFileType = sourcecode.swift; path = EditAccountView.swift; sourceTree = "<group>"; };
		CE40DD3B2BF1A75100F98289 /* SubscriptionView.swift */ = {isa = PBXFileReference; fileEncoding = 4; lastKnownFileType = sourcecode.swift; path = SubscriptionView.swift; sourceTree = "<group>"; };
		CE88BFCC2C16B545000AFE37 /* SupabaseService.swift */ = {isa = PBXFileReference; lastKnownFileType = sourcecode.swift; path = SupabaseService.swift; sourceTree = "<group>"; };
		CE88BFDA2C16B85F000AFE37 /* HistoryManager.swift */ = {isa = PBXFileReference; lastKnownFileType = sourcecode.swift; path = HistoryManager.swift; sourceTree = "<group>"; };
/* End PBXFileReference section */

/* Begin PBXFrameworksBuildPhase section */
		16A2B0792BE9E077007ED34E /* Frameworks */ = {
			isa = PBXFrameworksBuildPhase;
			buildActionMask = 2147483647;
			files = (
				CE2BB0E12C11840C00CC72E8 /* SwiftTTSCombine in Frameworks */,
				1631979E2C0836BA004C5FA0 /* Alamofire in Frameworks */,
				CE88BFD72C16B622000AFE37 /* Storage in Frameworks */,
				CE88BFD92C16B622000AFE37 /* Supabase in Frameworks */,
				CE88BFCF2C16B622000AFE37 /* Auth in Frameworks */,
				CE88BFD32C16B622000AFE37 /* PostgREST in Frameworks */,
			);
			runOnlyForDeploymentPostprocessing = 0;
		};
		16A2B08A2BE9E079007ED34E /* Frameworks */ = {
			isa = PBXFrameworksBuildPhase;
			buildActionMask = 2147483647;
			files = (
			);
			runOnlyForDeploymentPostprocessing = 0;
		};
		16A2B0942BE9E079007ED34E /* Frameworks */ = {
			isa = PBXFrameworksBuildPhase;
			buildActionMask = 2147483647;
			files = (
			);
			runOnlyForDeploymentPostprocessing = 0;
		};
/* End PBXFrameworksBuildPhase section */

/* Begin PBXGroup section */
		16A2B0732BE9E077007ED34E = {
			isa = PBXGroup;
			children = (
				16A2B07E2BE9E077007ED34E /* memu-app */,
				16A2B0902BE9E079007ED34E /* memu-appTests */,
				16A2B09A2BE9E079007ED34E /* memu-appUITests */,
				16A2B07D2BE9E077007ED34E /* Products */,
			);
			sourceTree = "<group>";
		};
		16A2B07D2BE9E077007ED34E /* Products */ = {
			isa = PBXGroup;
			children = (
				16A2B07C2BE9E077007ED34E /* memu-app.app */,
				16A2B08D2BE9E079007ED34E /* memu-appTests.xctest */,
				16A2B0972BE9E079007ED34E /* memu-appUITests.xctest */,
			);
			name = Products;
			sourceTree = "<group>";
		};
		16A2B07E2BE9E077007ED34E /* memu-app */ = {
			isa = PBXGroup;
			children = (
				A32350602BF1D63D00402FB8 /* Tools */,
				16D7B3342BF1EA0D006B72D8 /* Services */,
				16D7B3312BF1E9D1006B72D8 /* ViewModels */,
				A323503E2BEC79E900402FB8 /* Views */,
				A34A7CAB2BE9E2F1005AE095 /* Components */,
				16A2B07F2BE9E077007ED34E /* memu_appApp.swift */,
				16A2B0812BE9E077007ED34E /* ContentView.swift */,
				16A2B0832BE9E079007ED34E /* Assets.xcassets */,
				16A2B0852BE9E079007ED34E /* memu_app.entitlements */,
				16A2B0862BE9E079007ED34E /* Preview Content */,
			);
			path = "memu-app";
			sourceTree = "<group>";
		};
		16A2B0862BE9E079007ED34E /* Preview Content */ = {
			isa = PBXGroup;
			children = (
				16A2B0872BE9E079007ED34E /* Preview Assets.xcassets */,
			);
			path = "Preview Content";
			sourceTree = "<group>";
		};
		16A2B0902BE9E079007ED34E /* memu-appTests */ = {
			isa = PBXGroup;
			children = (
				16A2B0912BE9E079007ED34E /* memu_appTests.swift */,
			);
			path = "memu-appTests";
			sourceTree = "<group>";
		};
		16A2B09A2BE9E079007ED34E /* memu-appUITests */ = {
			isa = PBXGroup;
			children = (
				16A2B09B2BE9E079007ED34E /* memu_appUITests.swift */,
				16A2B09D2BE9E079007ED34E /* memu_appUITestsLaunchTests.swift */,
			);
			path = "memu-appUITests";
			sourceTree = "<group>";
		};
		16D7B32E2BF1E981006B72D8 /* Camera */ = {
			isa = PBXGroup;
			children = (
				16D7B32F2BF1E998006B72D8 /* CameraPreviewController.swift */,
			);
			path = Camera;
			sourceTree = "<group>";
		};
		16D7B3312BF1E9D1006B72D8 /* ViewModels */ = {
			isa = PBXGroup;
			children = (
				16D7B3322BF1E9EE006B72D8 /* CameraViewModel.swift */,
			);
			path = ViewModels;
			sourceTree = "<group>";
		};
		16D7B3342BF1EA0D006B72D8 /* Services */ = {
			isa = PBXGroup;
			children = (
				CE88BFCA2C16B43C000AFE37 /* Database */,
				16D7B3352BF1EA1F006B72D8 /* VideoCapture */,
			);
			path = Services;
			sourceTree = "<group>";
		};
		16D7B3352BF1EA1F006B72D8 /* VideoCapture */ = {
			isa = PBXGroup;
			children = (
				16D7B3362BF1EA30006B72D8 /* CameraService.swift */,
				16D7B3382BF1EA62006B72D8 /* PhotoDelegate.swift */,
				16D7B33A2BF1EAB3006B72D8 /* Types.swift */,
				16853ACB2C0188C300A3DD77 /* VideoDelegate.swift */,
			);
			path = VideoCapture;
			sourceTree = "<group>";
		};
		949DA73C2BEF4E14008F12B5 /* TranslatorView */ = {
			isa = PBXGroup;
			children = (
				949DA73D2BEF4E1F008F12B5 /* TranslatorView.swift */,
			);
			path = TranslatorView;
			sourceTree = "<group>";
		};
		A32350212BEBAF1800402FB8 /* VideoButton */ = {
			isa = PBXGroup;
			children = (
				A32350272BEBB01100402FB8 /* VideoButton.swift */,
			);
			path = VideoButton;
			sourceTree = "<group>";
		};
		A323503B2BEC79E900402FB8 /* HistoryView */ = {
			isa = PBXGroup;
			children = (
				A32350542BF1C0FA00402FB8 /* HistorySessionView */,
				A323503A2BEC79E900402FB8 /* HistoryView.swift */,
			);
			path = HistoryView;
			sourceTree = "<group>";
		};
		A323503D2BEC79E900402FB8 /* SettingsView */ = {
			isa = PBXGroup;
			children = (
				CE40DD3B2BF1A75100F98289 /* SubscriptionView.swift */,
				CE40DD392BF1A74600F98289 /* EditAccountView.swift */,
				A323503C2BEC79E900402FB8 /* SettingsView.swift */,
				94E9626C2BF1B96700CD7DDA /* AboutView.swift */,
			);
			path = SettingsView;
			sourceTree = "<group>";
		};
		A323503E2BEC79E900402FB8 /* Views */ = {
			isa = PBXGroup;
			children = (
				949DA73C2BEF4E14008F12B5 /* TranslatorView */,
				A323503B2BEC79E900402FB8 /* HistoryView */,
				A323503D2BEC79E900402FB8 /* SettingsView */,
			);
			path = Views;
			sourceTree = "<group>";
		};
		A32350472BEC7CF500402FB8 /* History */ = {
			isa = PBXGroup;
			children = (
				A32350232BEBAF9C00402FB8 /* HistoryList.swift */,
				A32350252BEBAFD400402FB8 /* HistoryListItem.swift */,
				A32350482BEC7DA000402FB8 /* HistorySession.swift */,
				CE88BFDA2C16B85F000AFE37 /* HistoryManager.swift */,
			);
			path = History;
			sourceTree = "<group>";
		};
		A323504C2BF0A4F700402FB8 /* Button */ = {
			isa = PBXGroup;
			children = (
				A323504D2BF0A50500402FB8 /* GlowButton.swift */,
				1631979A2C081DBB004C5FA0 /* SwitchCameraButton.swift */,
			);
			path = Button;
			sourceTree = "<group>";
		};
		A32350542BF1C0FA00402FB8 /* HistorySessionView */ = {
			isa = PBXGroup;
			children = (
				A32350582BF1C4AE00402FB8 /* HistorySessionView.swift */,
			);
			path = HistorySessionView;
			sourceTree = "<group>";
		};
		A323505A2BF1CAB800402FB8 /* Conversation */ = {
			isa = PBXGroup;
			children = (
				A32350632BF1D69E00402FB8 /* SentenceItem.swift */,
				A32350672BF1F2A500402FB8 /* SentenceList.swift */,
			);
			path = Conversation;
			sourceTree = "<group>";
		};
		A32350602BF1D63D00402FB8 /* Tools */ = {
			isa = PBXGroup;
			children = (
				A32350612BF1D64E00402FB8 /* grocerySentences.swift */,
				A32350652BF1E4B300402FB8 /* selectRandomItems.swift */,
			);
			path = Tools;
			sourceTree = "<group>";
		};
		A34A7CAB2BE9E2F1005AE095 /* Components */ = {
			isa = PBXGroup;
			children = (
				A323505A2BF1CAB800402FB8 /* Conversation */,
				16D7B32E2BF1E981006B72D8 /* Camera */,
				CE40DD342BF1A67C00F98289 /* SImpleButton */,
				CE40DD312BF1A60E00F98289 /* AppTextfield */,
				CE40DD2A2BF1A53100F98289 /* NavBar */,
				A323504C2BF0A4F700402FB8 /* Button */,
				A34A7CAC2BE9E311005AE095 /* Settings */,
				A32350472BEC7CF500402FB8 /* History */,
				A32350212BEBAF1800402FB8 /* VideoButton */,
				A34A7CB12BE9E356005AE095 /* Profile */,
				CE3167602BEB427100FF6905 /* Title */,
			);
			path = Components;
			sourceTree = "<group>";
		};
		A34A7CAC2BE9E311005AE095 /* Settings */ = {
			isa = PBXGroup;
			children = (
				A323504A2BEC7E4D00402FB8 /* ListSettingSession.swift */,
				A32350452BEC7B4E00402FB8 /* ListSettings.swift */,
				A32350432BEC7B1300402FB8 /* ListSettingItem.swift */,
			);
			path = Settings;
			sourceTree = "<group>";
		};
		A34A7CB12BE9E356005AE095 /* Profile */ = {
			isa = PBXGroup;
			children = (
				A34A7CB22BE9E384005AE095 /* UserProfile.swift */,
			);
			path = Profile;
			sourceTree = "<group>";
		};
		CE3167602BEB427100FF6905 /* Title */ = {
			isa = PBXGroup;
			children = (
				CE3167612BEB428F00FF6905 /* Title.swift */,
			);
			path = Title;
			sourceTree = "<group>";
		};
		CE40DD2A2BF1A53100F98289 /* NavBar */ = {
			isa = PBXGroup;
			children = (
				CE40DD2C2BF1A54700F98289 /* CustomNavBarContainerView.swift */,
				CE40DD2D2BF1A54700F98289 /* CustomNavBarView.swift */,
				CE40DD2B2BF1A54700F98289 /* CustomNavLink.swift */,
			);
			path = NavBar;
			sourceTree = "<group>";
		};
		CE40DD312BF1A60E00F98289 /* AppTextfield */ = {
			isa = PBXGroup;
			children = (
				CE40DD322BF1A62700F98289 /* AppTextField.swift */,
			);
			path = AppTextfield;
			sourceTree = "<group>";
		};
		CE40DD342BF1A67C00F98289 /* SImpleButton */ = {
			isa = PBXGroup;
			children = (
				CE40DD352BF1A69200F98289 /* SimpleButton.swift */,
			);
			path = SImpleButton;
			sourceTree = "<group>";
		};
		CE88BFCA2C16B43C000AFE37 /* Database */ = {
			isa = PBXGroup;
			children = (
				CE88BFCC2C16B545000AFE37 /* SupabaseService.swift */,
			);
			path = Database;
			sourceTree = "<group>";
		};
/* End PBXGroup section */

/* Begin PBXNativeTarget section */
		16A2B07B2BE9E077007ED34E /* memu-app */ = {
			isa = PBXNativeTarget;
			buildConfigurationList = 16A2B0A12BE9E079007ED34E /* Build configuration list for PBXNativeTarget "memu-app" */;
			buildPhases = (
				16A2B0782BE9E077007ED34E /* Sources */,
				16A2B0792BE9E077007ED34E /* Frameworks */,
				16A2B07A2BE9E077007ED34E /* Resources */,
			);
			buildRules = (
			);
			dependencies = (
			);
			name = "memu-app";
			packageProductDependencies = (
				1631979D2C0836BA004C5FA0 /* Alamofire */,
				CE2BB0E02C11840C00CC72E8 /* SwiftTTSCombine */,
				CE88BFCE2C16B622000AFE37 /* Auth */,
				CE88BFD22C16B622000AFE37 /* PostgREST */,
				CE88BFD62C16B622000AFE37 /* Storage */,
				CE88BFD82C16B622000AFE37 /* Supabase */,
			);
			productName = "memu-app";
			productReference = 16A2B07C2BE9E077007ED34E /* memu-app.app */;
			productType = "com.apple.product-type.application";
		};
		16A2B08C2BE9E079007ED34E /* memu-appTests */ = {
			isa = PBXNativeTarget;
			buildConfigurationList = 16A2B0A42BE9E079007ED34E /* Build configuration list for PBXNativeTarget "memu-appTests" */;
			buildPhases = (
				16A2B0892BE9E079007ED34E /* Sources */,
				16A2B08A2BE9E079007ED34E /* Frameworks */,
				16A2B08B2BE9E079007ED34E /* Resources */,
			);
			buildRules = (
			);
			dependencies = (
				16A2B08F2BE9E079007ED34E /* PBXTargetDependency */,
			);
			name = "memu-appTests";
			productName = "memu-appTests";
			productReference = 16A2B08D2BE9E079007ED34E /* memu-appTests.xctest */;
			productType = "com.apple.product-type.bundle.unit-test";
		};
		16A2B0962BE9E079007ED34E /* memu-appUITests */ = {
			isa = PBXNativeTarget;
			buildConfigurationList = 16A2B0A72BE9E079007ED34E /* Build configuration list for PBXNativeTarget "memu-appUITests" */;
			buildPhases = (
				16A2B0932BE9E079007ED34E /* Sources */,
				16A2B0942BE9E079007ED34E /* Frameworks */,
				16A2B0952BE9E079007ED34E /* Resources */,
			);
			buildRules = (
			);
			dependencies = (
				16A2B0992BE9E079007ED34E /* PBXTargetDependency */,
			);
			name = "memu-appUITests";
			productName = "memu-appUITests";
			productReference = 16A2B0972BE9E079007ED34E /* memu-appUITests.xctest */;
			productType = "com.apple.product-type.bundle.ui-testing";
		};
/* End PBXNativeTarget section */

/* Begin PBXProject section */
		16A2B0742BE9E077007ED34E /* Project object */ = {
			isa = PBXProject;
			attributes = {
				BuildIndependentTargetsInParallel = 1;
				LastSwiftUpdateCheck = 1530;
				LastUpgradeCheck = 1530;
				TargetAttributes = {
					16A2B07B2BE9E077007ED34E = {
						CreatedOnToolsVersion = 15.3;
					};
					16A2B08C2BE9E079007ED34E = {
						CreatedOnToolsVersion = 15.3;
						TestTargetID = 16A2B07B2BE9E077007ED34E;
					};
					16A2B0962BE9E079007ED34E = {
						CreatedOnToolsVersion = 15.3;
						TestTargetID = 16A2B07B2BE9E077007ED34E;
					};
				};
			};
			buildConfigurationList = 16A2B0772BE9E077007ED34E /* Build configuration list for PBXProject "memu-app" */;
			compatibilityVersion = "Xcode 14.0";
			developmentRegion = en;
			hasScannedForEncodings = 0;
			knownRegions = (
				en,
				Base,
			);
			mainGroup = 16A2B0732BE9E077007ED34E;
			packageReferences = (
				CE473FCC2BF305C700BD4248 /* XCRemoteSwiftPackageReference "swift-tts" */,
				1631979C2C0836BA004C5FA0 /* XCRemoteSwiftPackageReference "Alamofire" */,
				CE88BFCB2C16B52C000AFE37 /* XCRemoteSwiftPackageReference "supabase-swift" */,
			);
			productRefGroup = 16A2B07D2BE9E077007ED34E /* Products */;
			projectDirPath = "";
			projectRoot = "";
			targets = (
				16A2B07B2BE9E077007ED34E /* memu-app */,
				16A2B08C2BE9E079007ED34E /* memu-appTests */,
				16A2B0962BE9E079007ED34E /* memu-appUITests */,
			);
		};
/* End PBXProject section */

/* Begin PBXResourcesBuildPhase section */
		16A2B07A2BE9E077007ED34E /* Resources */ = {
			isa = PBXResourcesBuildPhase;
			buildActionMask = 2147483647;
			files = (
				16A2B0882BE9E079007ED34E /* Preview Assets.xcassets in Resources */,
				16A2B0842BE9E079007ED34E /* Assets.xcassets in Resources */,
			);
			runOnlyForDeploymentPostprocessing = 0;
		};
		16A2B08B2BE9E079007ED34E /* Resources */ = {
			isa = PBXResourcesBuildPhase;
			buildActionMask = 2147483647;
			files = (
			);
			runOnlyForDeploymentPostprocessing = 0;
		};
		16A2B0952BE9E079007ED34E /* Resources */ = {
			isa = PBXResourcesBuildPhase;
			buildActionMask = 2147483647;
			files = (
			);
			runOnlyForDeploymentPostprocessing = 0;
		};
/* End PBXResourcesBuildPhase section */

/* Begin PBXSourcesBuildPhase section */
		16A2B0782BE9E077007ED34E /* Sources */ = {
			isa = PBXSourcesBuildPhase;
			buildActionMask = 2147483647;
			files = (
				A32350642BF1D69E00402FB8 /* SentenceItem.swift in Sources */,
				1631979B2C081DBB004C5FA0 /* SwitchCameraButton.swift in Sources */,
				A32350662BF1E4B300402FB8 /* selectRandomItems.swift in Sources */,
				A323504E2BF0A50500402FB8 /* GlowButton.swift in Sources */,
				A32350282BEBB01100402FB8 /* VideoButton.swift in Sources */,
				16A2B0822BE9E077007ED34E /* ContentView.swift in Sources */,
				16D7B33B2BF1EAB3006B72D8 /* Types.swift in Sources */,
				CE3167622BEB428F00FF6905 /* Title.swift in Sources */,
				A32350592BF1C4AE00402FB8 /* HistorySessionView.swift in Sources */,
				A323504B2BEC7E4D00402FB8 /* ListSettingSession.swift in Sources */,
				CE40DD2F2BF1A54700F98289 /* CustomNavBarContainerView.swift in Sources */,
				16D7B3372BF1EA30006B72D8 /* CameraService.swift in Sources */,
				CE40DD302BF1A54700F98289 /* CustomNavBarView.swift in Sources */,
				CE88BFCD2C16B545000AFE37 /* SupabaseService.swift in Sources */,
				949DA73E2BEF4E1F008F12B5 /* TranslatorView.swift in Sources */,
				16A2B0802BE9E077007ED34E /* memu_appApp.swift in Sources */,
				A32350242BEBAF9C00402FB8 /* HistoryList.swift in Sources */,
				CE40DD332BF1A62700F98289 /* AppTextField.swift in Sources */,
				CE88BFDB2C16B85F000AFE37 /* HistoryManager.swift in Sources */,
				A32350462BEC7B4E00402FB8 /* ListSettings.swift in Sources */,
				CE40DD3A2BF1A74600F98289 /* EditAccountView.swift in Sources */,
				94E9626D2BF1B96700CD7DDA /* AboutView.swift in Sources */,
				A32350622BF1D64E00402FB8 /* grocerySentences.swift in Sources */,
				A32350682BF1F2A500402FB8 /* SentenceList.swift in Sources */,
				A32350442BEC7B1300402FB8 /* ListSettingItem.swift in Sources */,
				16D7B3302BF1E998006B72D8 /* CameraPreviewController.swift in Sources */,
				A32350402BEC79E900402FB8 /* SettingsView.swift in Sources */,
				A34A7CB32BE9E384005AE095 /* UserProfile.swift in Sources */,
				16D7B3392BF1EA62006B72D8 /* PhotoDelegate.swift in Sources */,
				A32350492BEC7DA000402FB8 /* HistorySession.swift in Sources */,
				CE40DD362BF1A69200F98289 /* SimpleButton.swift in Sources */,
				A323503F2BEC79E900402FB8 /* HistoryView.swift in Sources */,
				A32350262BEBAFD400402FB8 /* HistoryListItem.swift in Sources */,
				CE40DD3C2BF1A75100F98289 /* SubscriptionView.swift in Sources */,
				16D7B3332BF1E9EE006B72D8 /* CameraViewModel.swift in Sources */,
				16853ACC2C0188C300A3DD77 /* VideoDelegate.swift in Sources */,
				CE40DD2E2BF1A54700F98289 /* CustomNavLink.swift in Sources */,
			);
			runOnlyForDeploymentPostprocessing = 0;
		};
		16A2B0892BE9E079007ED34E /* Sources */ = {
			isa = PBXSourcesBuildPhase;
			buildActionMask = 2147483647;
			files = (
				16A2B0922BE9E079007ED34E /* memu_appTests.swift in Sources */,
			);
			runOnlyForDeploymentPostprocessing = 0;
		};
		16A2B0932BE9E079007ED34E /* Sources */ = {
			isa = PBXSourcesBuildPhase;
			buildActionMask = 2147483647;
			files = (
				16A2B09E2BE9E079007ED34E /* memu_appUITestsLaunchTests.swift in Sources */,
				16A2B09C2BE9E079007ED34E /* memu_appUITests.swift in Sources */,
			);
			runOnlyForDeploymentPostprocessing = 0;
		};
/* End PBXSourcesBuildPhase section */

/* Begin PBXTargetDependency section */
		16A2B08F2BE9E079007ED34E /* PBXTargetDependency */ = {
			isa = PBXTargetDependency;
			target = 16A2B07B2BE9E077007ED34E /* memu-app */;
			targetProxy = 16A2B08E2BE9E079007ED34E /* PBXContainerItemProxy */;
		};
		16A2B0992BE9E079007ED34E /* PBXTargetDependency */ = {
			isa = PBXTargetDependency;
			target = 16A2B07B2BE9E077007ED34E /* memu-app */;
			targetProxy = 16A2B0982BE9E079007ED34E /* PBXContainerItemProxy */;
		};
/* End PBXTargetDependency section */

/* Begin XCBuildConfiguration section */
		16A2B09F2BE9E079007ED34E /* Debug */ = {
			isa = XCBuildConfiguration;
			buildSettings = {
				ALWAYS_SEARCH_USER_PATHS = NO;
				ASSETCATALOG_COMPILER_GENERATE_SWIFT_ASSET_SYMBOL_EXTENSIONS = YES;
				CLANG_ANALYZER_NONNULL = YES;
				CLANG_ANALYZER_NUMBER_OBJECT_CONVERSION = YES_AGGRESSIVE;
				CLANG_CXX_LANGUAGE_STANDARD = "gnu++20";
				CLANG_ENABLE_MODULES = YES;
				CLANG_ENABLE_OBJC_ARC = YES;
				CLANG_ENABLE_OBJC_WEAK = YES;
				CLANG_WARN_BLOCK_CAPTURE_AUTORELEASING = YES;
				CLANG_WARN_BOOL_CONVERSION = YES;
				CLANG_WARN_COMMA = YES;
				CLANG_WARN_CONSTANT_CONVERSION = YES;
				CLANG_WARN_DEPRECATED_OBJC_IMPLEMENTATIONS = YES;
				CLANG_WARN_DIRECT_OBJC_ISA_USAGE = YES_ERROR;
				CLANG_WARN_DOCUMENTATION_COMMENTS = YES;
				CLANG_WARN_EMPTY_BODY = YES;
				CLANG_WARN_ENUM_CONVERSION = YES;
				CLANG_WARN_INFINITE_RECURSION = YES;
				CLANG_WARN_INT_CONVERSION = YES;
				CLANG_WARN_NON_LITERAL_NULL_CONVERSION = YES;
				CLANG_WARN_OBJC_IMPLICIT_RETAIN_SELF = YES;
				CLANG_WARN_OBJC_LITERAL_CONVERSION = YES;
				CLANG_WARN_OBJC_ROOT_CLASS = YES_ERROR;
				CLANG_WARN_QUOTED_INCLUDE_IN_FRAMEWORK_HEADER = YES;
				CLANG_WARN_RANGE_LOOP_ANALYSIS = YES;
				CLANG_WARN_STRICT_PROTOTYPES = YES;
				CLANG_WARN_SUSPICIOUS_MOVE = YES;
				CLANG_WARN_UNGUARDED_AVAILABILITY = YES_AGGRESSIVE;
				CLANG_WARN_UNREACHABLE_CODE = YES;
				CLANG_WARN__DUPLICATE_METHOD_MATCH = YES;
				COPY_PHASE_STRIP = NO;
				DEBUG_INFORMATION_FORMAT = dwarf;
				ENABLE_STRICT_OBJC_MSGSEND = YES;
				ENABLE_TESTABILITY = YES;
				ENABLE_USER_SCRIPT_SANDBOXING = YES;
				GCC_C_LANGUAGE_STANDARD = gnu17;
				GCC_DYNAMIC_NO_PIC = NO;
				GCC_NO_COMMON_BLOCKS = YES;
				GCC_OPTIMIZATION_LEVEL = 0;
				GCC_PREPROCESSOR_DEFINITIONS = (
					"DEBUG=1",
					"$(inherited)",
				);
				GCC_WARN_64_TO_32_BIT_CONVERSION = YES;
				GCC_WARN_ABOUT_RETURN_TYPE = YES_ERROR;
				GCC_WARN_UNDECLARED_SELECTOR = YES;
				GCC_WARN_UNINITIALIZED_AUTOS = YES_AGGRESSIVE;
				GCC_WARN_UNUSED_FUNCTION = YES;
				GCC_WARN_UNUSED_VARIABLE = YES;
				LOCALIZATION_PREFERS_STRING_CATALOGS = YES;
				MTL_ENABLE_DEBUG_INFO = INCLUDE_SOURCE;
				MTL_FAST_MATH = YES;
				ONLY_ACTIVE_ARCH = YES;
				SWIFT_ACTIVE_COMPILATION_CONDITIONS = "DEBUG $(inherited)";
				SWIFT_OPTIMIZATION_LEVEL = "-Onone";
			};
			name = Debug;
		};
		16A2B0A02BE9E079007ED34E /* Release */ = {
			isa = XCBuildConfiguration;
			buildSettings = {
				ALWAYS_SEARCH_USER_PATHS = NO;
				ASSETCATALOG_COMPILER_GENERATE_SWIFT_ASSET_SYMBOL_EXTENSIONS = YES;
				CLANG_ANALYZER_NONNULL = YES;
				CLANG_ANALYZER_NUMBER_OBJECT_CONVERSION = YES_AGGRESSIVE;
				CLANG_CXX_LANGUAGE_STANDARD = "gnu++20";
				CLANG_ENABLE_MODULES = YES;
				CLANG_ENABLE_OBJC_ARC = YES;
				CLANG_ENABLE_OBJC_WEAK = YES;
				CLANG_WARN_BLOCK_CAPTURE_AUTORELEASING = YES;
				CLANG_WARN_BOOL_CONVERSION = YES;
				CLANG_WARN_COMMA = YES;
				CLANG_WARN_CONSTANT_CONVERSION = YES;
				CLANG_WARN_DEPRECATED_OBJC_IMPLEMENTATIONS = YES;
				CLANG_WARN_DIRECT_OBJC_ISA_USAGE = YES_ERROR;
				CLANG_WARN_DOCUMENTATION_COMMENTS = YES;
				CLANG_WARN_EMPTY_BODY = YES;
				CLANG_WARN_ENUM_CONVERSION = YES;
				CLANG_WARN_INFINITE_RECURSION = YES;
				CLANG_WARN_INT_CONVERSION = YES;
				CLANG_WARN_NON_LITERAL_NULL_CONVERSION = YES;
				CLANG_WARN_OBJC_IMPLICIT_RETAIN_SELF = YES;
				CLANG_WARN_OBJC_LITERAL_CONVERSION = YES;
				CLANG_WARN_OBJC_ROOT_CLASS = YES_ERROR;
				CLANG_WARN_QUOTED_INCLUDE_IN_FRAMEWORK_HEADER = YES;
				CLANG_WARN_RANGE_LOOP_ANALYSIS = YES;
				CLANG_WARN_STRICT_PROTOTYPES = YES;
				CLANG_WARN_SUSPICIOUS_MOVE = YES;
				CLANG_WARN_UNGUARDED_AVAILABILITY = YES_AGGRESSIVE;
				CLANG_WARN_UNREACHABLE_CODE = YES;
				CLANG_WARN__DUPLICATE_METHOD_MATCH = YES;
				COPY_PHASE_STRIP = NO;
				DEBUG_INFORMATION_FORMAT = "dwarf-with-dsym";
				ENABLE_NS_ASSERTIONS = NO;
				ENABLE_STRICT_OBJC_MSGSEND = YES;
				ENABLE_USER_SCRIPT_SANDBOXING = YES;
				GCC_C_LANGUAGE_STANDARD = gnu17;
				GCC_NO_COMMON_BLOCKS = YES;
				GCC_WARN_64_TO_32_BIT_CONVERSION = YES;
				GCC_WARN_ABOUT_RETURN_TYPE = YES_ERROR;
				GCC_WARN_UNDECLARED_SELECTOR = YES;
				GCC_WARN_UNINITIALIZED_AUTOS = YES_AGGRESSIVE;
				GCC_WARN_UNUSED_FUNCTION = YES;
				GCC_WARN_UNUSED_VARIABLE = YES;
				LOCALIZATION_PREFERS_STRING_CATALOGS = YES;
				MTL_ENABLE_DEBUG_INFO = NO;
				MTL_FAST_MATH = YES;
				SWIFT_COMPILATION_MODE = wholemodule;
			};
			name = Release;
		};
		16A2B0A22BE9E079007ED34E /* Debug */ = {
			isa = XCBuildConfiguration;
			buildSettings = {
				ASSETCATALOG_COMPILER_APPICON_NAME = AppIcon;
				ASSETCATALOG_COMPILER_GLOBAL_ACCENT_COLOR_NAME = AccentColor;
				CODE_SIGN_ENTITLEMENTS = "memu-app/memu_app.entitlements";
				CODE_SIGN_IDENTITY = "Apple Development";
				CODE_SIGN_STYLE = Automatic;
				CURRENT_PROJECT_VERSION = 1;
				DEVELOPMENT_ASSET_PATHS = "\"memu-app/Preview Content\"";
				DEVELOPMENT_TEAM = 47YZL958GJ;
				ENABLE_HARDENED_RUNTIME = YES;
				ENABLE_PREVIEWS = YES;
				GENERATE_INFOPLIST_FILE = YES;
				INFOPLIST_KEY_CFBundleDisplayName = Memu;
				INFOPLIST_KEY_NSCameraUsageDescription = "Allow access to use the camera for taking photos and videos.";
				INFOPLIST_KEY_NSPhotoLibraryAddUsageDescription = "Save recorded video";
				"INFOPLIST_KEY_UIApplicationSceneManifest_Generation[sdk=iphoneos*]" = YES;
				"INFOPLIST_KEY_UIApplicationSceneManifest_Generation[sdk=iphonesimulator*]" = YES;
				"INFOPLIST_KEY_UIApplicationSupportsIndirectInputEvents[sdk=iphoneos*]" = YES;
				"INFOPLIST_KEY_UIApplicationSupportsIndirectInputEvents[sdk=iphonesimulator*]" = YES;
				"INFOPLIST_KEY_UILaunchScreen_Generation[sdk=iphoneos*]" = YES;
				"INFOPLIST_KEY_UILaunchScreen_Generation[sdk=iphonesimulator*]" = YES;
				"INFOPLIST_KEY_UIStatusBarStyle[sdk=iphoneos*]" = UIStatusBarStyleDefault;
				"INFOPLIST_KEY_UIStatusBarStyle[sdk=iphonesimulator*]" = UIStatusBarStyleDefault;
				INFOPLIST_KEY_UISupportedInterfaceOrientations_iPad = "UIInterfaceOrientationPortrait UIInterfaceOrientationPortraitUpsideDown UIInterfaceOrientationLandscapeLeft UIInterfaceOrientationLandscapeRight";
				INFOPLIST_KEY_UISupportedInterfaceOrientations_iPhone = "UIInterfaceOrientationPortrait UIInterfaceOrientationLandscapeLeft UIInterfaceOrientationLandscapeRight";
				IPHONEOS_DEPLOYMENT_TARGET = 17.2;
				LD_RUNPATH_SEARCH_PATHS = "@executable_path/Frameworks";
				"LD_RUNPATH_SEARCH_PATHS[sdk=macosx*]" = "@executable_path/../Frameworks";
				MACOSX_DEPLOYMENT_TARGET = 14.2;
				MARKETING_VERSION = 1.0;
				PRODUCT_BUNDLE_IDENTIFIER = "com.coffeewithegg.memu-app1";
				PRODUCT_NAME = "$(TARGET_NAME)";
				PROVISIONING_PROFILE_SPECIFIER = "";
				SDKROOT = auto;
				SUPPORTED_PLATFORMS = "iphoneos iphonesimulator macosx";
				SWIFT_EMIT_LOC_STRINGS = YES;
				SWIFT_VERSION = 5.0;
				TARGETED_DEVICE_FAMILY = "1,2";
			};
			name = Debug;
		};
		16A2B0A32BE9E079007ED34E /* Release */ = {
			isa = XCBuildConfiguration;
			buildSettings = {
				ASSETCATALOG_COMPILER_APPICON_NAME = AppIcon;
				ASSETCATALOG_COMPILER_GLOBAL_ACCENT_COLOR_NAME = AccentColor;
				CODE_SIGN_ENTITLEMENTS = "memu-app/memu_app.entitlements";
				CODE_SIGN_IDENTITY = "Apple Development";
				CODE_SIGN_STYLE = Automatic;
				CURRENT_PROJECT_VERSION = 1;
				DEVELOPMENT_ASSET_PATHS = "\"memu-app/Preview Content\"";
				DEVELOPMENT_TEAM = 47YZL958GJ;
				ENABLE_HARDENED_RUNTIME = YES;
				ENABLE_PREVIEWS = YES;
				GENERATE_INFOPLIST_FILE = YES;
				INFOPLIST_KEY_CFBundleDisplayName = Memu;
				INFOPLIST_KEY_NSCameraUsageDescription = "Allow access to use the camera for taking photos and videos.";
				INFOPLIST_KEY_NSPhotoLibraryAddUsageDescription = "Save recorded video";
				"INFOPLIST_KEY_UIApplicationSceneManifest_Generation[sdk=iphoneos*]" = YES;
				"INFOPLIST_KEY_UIApplicationSceneManifest_Generation[sdk=iphonesimulator*]" = YES;
				"INFOPLIST_KEY_UIApplicationSupportsIndirectInputEvents[sdk=iphoneos*]" = YES;
				"INFOPLIST_KEY_UIApplicationSupportsIndirectInputEvents[sdk=iphonesimulator*]" = YES;
				"INFOPLIST_KEY_UILaunchScreen_Generation[sdk=iphoneos*]" = YES;
				"INFOPLIST_KEY_UILaunchScreen_Generation[sdk=iphonesimulator*]" = YES;
				"INFOPLIST_KEY_UIStatusBarStyle[sdk=iphoneos*]" = UIStatusBarStyleDefault;
				"INFOPLIST_KEY_UIStatusBarStyle[sdk=iphonesimulator*]" = UIStatusBarStyleDefault;
				INFOPLIST_KEY_UISupportedInterfaceOrientations_iPad = "UIInterfaceOrientationPortrait UIInterfaceOrientationPortraitUpsideDown UIInterfaceOrientationLandscapeLeft UIInterfaceOrientationLandscapeRight";
				INFOPLIST_KEY_UISupportedInterfaceOrientations_iPhone = "UIInterfaceOrientationPortrait UIInterfaceOrientationLandscapeLeft UIInterfaceOrientationLandscapeRight";
				IPHONEOS_DEPLOYMENT_TARGET = 17.2;
				LD_RUNPATH_SEARCH_PATHS = "@executable_path/Frameworks";
				"LD_RUNPATH_SEARCH_PATHS[sdk=macosx*]" = "@executable_path/../Frameworks";
				MACOSX_DEPLOYMENT_TARGET = 14.2;
				MARKETING_VERSION = 1.0;
				PRODUCT_BUNDLE_IDENTIFIER = "com.coffeewithegg.memu-app1";
				PRODUCT_NAME = "$(TARGET_NAME)";
				PROVISIONING_PROFILE_SPECIFIER = "";
				SDKROOT = auto;
				SUPPORTED_PLATFORMS = "iphoneos iphonesimulator macosx";
				SWIFT_EMIT_LOC_STRINGS = YES;
				SWIFT_VERSION = 5.0;
				TARGETED_DEVICE_FAMILY = "1,2";
			};
			name = Release;
		};
		16A2B0A52BE9E079007ED34E /* Debug */ = {
			isa = XCBuildConfiguration;
			buildSettings = {
				ALWAYS_EMBED_SWIFT_STANDARD_LIBRARIES = YES;
				BUNDLE_LOADER = "$(TEST_HOST)";
				CODE_SIGN_STYLE = Automatic;
				CURRENT_PROJECT_VERSION = 1;
				DEVELOPMENT_TEAM = C4A2XPYW33;
				GENERATE_INFOPLIST_FILE = YES;
				IPHONEOS_DEPLOYMENT_TARGET = 17.4;
				MACOSX_DEPLOYMENT_TARGET = 14.4;
				MARKETING_VERSION = 1.0;
				PRODUCT_BUNDLE_IDENTIFIER = "com.coffeewithegg.memu-appTests";
				PRODUCT_NAME = "$(TARGET_NAME)";
				SDKROOT = auto;
				SUPPORTED_PLATFORMS = "iphoneos iphonesimulator macosx";
				SWIFT_EMIT_LOC_STRINGS = NO;
				SWIFT_VERSION = 5.0;
				TARGETED_DEVICE_FAMILY = "1,2";
				TEST_HOST = "$(BUILT_PRODUCTS_DIR)/memu-app.app/$(BUNDLE_EXECUTABLE_FOLDER_PATH)/memu-app";
			};
			name = Debug;
		};
		16A2B0A62BE9E079007ED34E /* Release */ = {
			isa = XCBuildConfiguration;
			buildSettings = {
				ALWAYS_EMBED_SWIFT_STANDARD_LIBRARIES = YES;
				BUNDLE_LOADER = "$(TEST_HOST)";
				CODE_SIGN_STYLE = Automatic;
				CURRENT_PROJECT_VERSION = 1;
				DEVELOPMENT_TEAM = C4A2XPYW33;
				GENERATE_INFOPLIST_FILE = YES;
				IPHONEOS_DEPLOYMENT_TARGET = 17.4;
				MACOSX_DEPLOYMENT_TARGET = 14.4;
				MARKETING_VERSION = 1.0;
				PRODUCT_BUNDLE_IDENTIFIER = "com.coffeewithegg.memu-appTests";
				PRODUCT_NAME = "$(TARGET_NAME)";
				SDKROOT = auto;
				SUPPORTED_PLATFORMS = "iphoneos iphonesimulator macosx";
				SWIFT_EMIT_LOC_STRINGS = NO;
				SWIFT_VERSION = 5.0;
				TARGETED_DEVICE_FAMILY = "1,2";
				TEST_HOST = "$(BUILT_PRODUCTS_DIR)/memu-app.app/$(BUNDLE_EXECUTABLE_FOLDER_PATH)/memu-app";
			};
			name = Release;
		};
		16A2B0A82BE9E079007ED34E /* Debug */ = {
			isa = XCBuildConfiguration;
			buildSettings = {
				ALWAYS_EMBED_SWIFT_STANDARD_LIBRARIES = YES;
				CODE_SIGN_STYLE = Automatic;
				CURRENT_PROJECT_VERSION = 1;
				DEVELOPMENT_TEAM = C4A2XPYW33;
				GENERATE_INFOPLIST_FILE = YES;
				IPHONEOS_DEPLOYMENT_TARGET = 17.4;
				MACOSX_DEPLOYMENT_TARGET = 14.4;
				MARKETING_VERSION = 1.0;
				PRODUCT_BUNDLE_IDENTIFIER = "com.coffeewithegg.memu-appUITests";
				PRODUCT_NAME = "$(TARGET_NAME)";
				SDKROOT = auto;
				SUPPORTED_PLATFORMS = "iphoneos iphonesimulator macosx";
				SWIFT_EMIT_LOC_STRINGS = NO;
				SWIFT_VERSION = 5.0;
				TARGETED_DEVICE_FAMILY = "1,2";
				TEST_TARGET_NAME = "memu-app";
			};
			name = Debug;
		};
		16A2B0A92BE9E079007ED34E /* Release */ = {
			isa = XCBuildConfiguration;
			buildSettings = {
				ALWAYS_EMBED_SWIFT_STANDARD_LIBRARIES = YES;
				CODE_SIGN_STYLE = Automatic;
				CURRENT_PROJECT_VERSION = 1;
				DEVELOPMENT_TEAM = C4A2XPYW33;
				GENERATE_INFOPLIST_FILE = YES;
				IPHONEOS_DEPLOYMENT_TARGET = 17.4;
				MACOSX_DEPLOYMENT_TARGET = 14.4;
				MARKETING_VERSION = 1.0;
				PRODUCT_BUNDLE_IDENTIFIER = "com.coffeewithegg.memu-appUITests";
				PRODUCT_NAME = "$(TARGET_NAME)";
				SDKROOT = auto;
				SUPPORTED_PLATFORMS = "iphoneos iphonesimulator macosx";
				SWIFT_EMIT_LOC_STRINGS = NO;
				SWIFT_VERSION = 5.0;
				TARGETED_DEVICE_FAMILY = "1,2";
				TEST_TARGET_NAME = "memu-app";
			};
			name = Release;
		};
/* End XCBuildConfiguration section */

/* Begin XCConfigurationList section */
		16A2B0772BE9E077007ED34E /* Build configuration list for PBXProject "memu-app" */ = {
			isa = XCConfigurationList;
			buildConfigurations = (
				16A2B09F2BE9E079007ED34E /* Debug */,
				16A2B0A02BE9E079007ED34E /* Release */,
			);
			defaultConfigurationIsVisible = 0;
			defaultConfigurationName = Release;
		};
		16A2B0A12BE9E079007ED34E /* Build configuration list for PBXNativeTarget "memu-app" */ = {
			isa = XCConfigurationList;
			buildConfigurations = (
				16A2B0A22BE9E079007ED34E /* Debug */,
				16A2B0A32BE9E079007ED34E /* Release */,
			);
			defaultConfigurationIsVisible = 0;
			defaultConfigurationName = Release;
		};
		16A2B0A42BE9E079007ED34E /* Build configuration list for PBXNativeTarget "memu-appTests" */ = {
			isa = XCConfigurationList;
			buildConfigurations = (
				16A2B0A52BE9E079007ED34E /* Debug */,
				16A2B0A62BE9E079007ED34E /* Release */,
			);
			defaultConfigurationIsVisible = 0;
			defaultConfigurationName = Release;
		};
		16A2B0A72BE9E079007ED34E /* Build configuration list for PBXNativeTarget "memu-appUITests" */ = {
			isa = XCConfigurationList;
			buildConfigurations = (
				16A2B0A82BE9E079007ED34E /* Debug */,
				16A2B0A92BE9E079007ED34E /* Release */,
			);
			defaultConfigurationIsVisible = 0;
			defaultConfigurationName = Release;
		};
/* End XCConfigurationList section */

/* Begin XCRemoteSwiftPackageReference section */
		1631979C2C0836BA004C5FA0 /* XCRemoteSwiftPackageReference "Alamofire" */ = {
			isa = XCRemoteSwiftPackageReference;
			repositoryURL = "https://github.com/Alamofire/Alamofire";
			requirement = {
				kind = upToNextMajorVersion;
				minimumVersion = 5.9.1;
			};
		};
		CE473FCC2BF305C700BD4248 /* XCRemoteSwiftPackageReference "swift-tts" */ = {
			isa = XCRemoteSwiftPackageReference;
			repositoryURL = "https://github.com/renaudjenny/swift-tts";
			requirement = {
				kind = upToNextMajorVersion;
				minimumVersion = 2.1.2;
			};
		};
		CE88BFCB2C16B52C000AFE37 /* XCRemoteSwiftPackageReference "supabase-swift" */ = {
			isa = XCRemoteSwiftPackageReference;
			repositoryURL = "https://github.com/supabase/supabase-swift";
			requirement = {
				kind = upToNextMajorVersion;
				minimumVersion = 2.5.1;
			};
		};
/* End XCRemoteSwiftPackageReference section */

/* Begin XCSwiftPackageProductDependency section */
		1631979D2C0836BA004C5FA0 /* Alamofire */ = {
			isa = XCSwiftPackageProductDependency;
			package = 1631979C2C0836BA004C5FA0 /* XCRemoteSwiftPackageReference "Alamofire" */;
			productName = Alamofire;
		};
		CE2BB0E02C11840C00CC72E8 /* SwiftTTSCombine */ = {
			isa = XCSwiftPackageProductDependency;
			package = CE473FCC2BF305C700BD4248 /* XCRemoteSwiftPackageReference "swift-tts" */;
			productName = SwiftTTSCombine;
		};
		CE88BFCE2C16B622000AFE37 /* Auth */ = {
			isa = XCSwiftPackageProductDependency;
			package = CE88BFCB2C16B52C000AFE37 /* XCRemoteSwiftPackageReference "supabase-swift" */;
			productName = Auth;
		};
		CE88BFD22C16B622000AFE37 /* PostgREST */ = {
			isa = XCSwiftPackageProductDependency;
			package = CE88BFCB2C16B52C000AFE37 /* XCRemoteSwiftPackageReference "supabase-swift" */;
			productName = PostgREST;
		};
		CE88BFD62C16B622000AFE37 /* Storage */ = {
			isa = XCSwiftPackageProductDependency;
			package = CE88BFCB2C16B52C000AFE37 /* XCRemoteSwiftPackageReference "supabase-swift" */;
			productName = Storage;
		};
		CE88BFD82C16B622000AFE37 /* Supabase */ = {
			isa = XCSwiftPackageProductDependency;
			package = CE88BFCB2C16B52C000AFE37 /* XCRemoteSwiftPackageReference "supabase-swift" */;
			productName = Supabase;
		};
/* End XCSwiftPackageProductDependency section */
	};
	rootObject = 16A2B0742BE9E077007ED34E /* Project object */;
}
